
Microsoft Visual Studio Solution File, Format Version 12.00
# Visual Studio Version 16
VisualStudioVersion = 16.0.29806.167
MinimumVisualStudioVersion = 10.0.40219.1
Project("{8BC9CEB8-8B4A-11D0-8D11-00A0C91BC942}") = "01 - Podróż do Warszawy", "01 - Podróż do Warszawy\01 - Podróż do Warszawy.vcxproj", "{13F60CCD-D1E1-4D74-8938-5159CE8895B6}"
EndProject
Project("{8BC9CEB8-8B4A-11D0-8D11-00A0C91BC942}") = "02 - Podróż do Warszawy (kolejne podejście)", "02 - Podróż do Warszawy (kolejne podejście)\02 - Podróż do Warszawy (kolejne podejście).vcxproj", "{C2DFEDAC-E155-4A12-B27A-8ABB2CB08BF2}"
EndProject
Project("{8BC9CEB8-8B4A-11D0-8D11-00A0C91BC942}") = "03 - Podróż do Warszawy i smakołyki", "03 - Podróż do Warszawy i smakołyki\03 - Podróż do Warszawy i smakołyki.vcxproj", "{29CBFB76-319A-4312-8EF8-3F48673B113E}"
EndProject
Project("{8BC9CEB8-8B4A-11D0-8D11-00A0C91BC942}") = "04 - Przepływ informacji", "04 - Przepływ informacji\04 - Przepływ informacji.vcxproj", "{F6DE0F67-B91F-4217-A07D-8F5FEA265DA3}"
EndProject
Project("{8BC9CEB8-8B4A-11D0-8D11-00A0C91BC942}") = "05 - Festiwal smaku", "05 - Festiwal smaku\05 - Festiwal smaku.vcxproj", "{5FA41F76-F10E-4137-B637-81FCA816CB99}"
EndProject
Project("{8BC9CEB8-8B4A-11D0-8D11-00A0C91BC942}") = "06 - Powrót do przeszłości", "06 - Powrót do przeszłości\06 - Powrót do przeszłości.vcxproj", "{6B4273C9-A825-4E52-A223-F9FFE44E075B}"
EndProject
Project("{8BC9CEB8-8B4A-11D0-8D11-00A0C91BC942}") = "07 - Tajna lista", "07 - Tajna lista\07 - Tajna lista.vcxproj", "{4B742091-EF3C-496F-8DE3-48C6CE867ED9}"
EndProject
Project("{8BC9CEB8-8B4A-11D0-8D11-00A0C91BC942}") = "08 - Ranking", "08 - Ranking\08 - Ranking.vcxproj", "{79B643C9-1726-4748-A46C-805BC2A365F4}"
EndProject
Global
	GlobalSection(SolutionConfigurationPlatforms) = preSolution
		Debug|x64 = Debug|x64
		Debug|x86 = Debug|x86
		Release|x64 = Release|x64
		Release|x86 = Release|x86
	EndGlobalSection
	GlobalSection(ProjectConfigurationPlatforms) = postSolution
		{13F60CCD-D1E1-4D74-8938-5159CE8895B6}.Debug|x64.ActiveCfg = Debug|x64
		{13F60CCD-D1E1-4D74-8938-5159CE8895B6}.Debug|x64.Build.0 = Debug|x64
		{13F60CCD-D1E1-4D74-8938-5159CE8895B6}.Debug|x86.ActiveCfg = Debug|Win32
		{13F60CCD-D1E1-4D74-8938-5159CE8895B6}.Debug|x86.Build.0 = Debug|Win32
		{13F60CCD-D1E1-4D74-8938-5159CE8895B6}.Release|x64.ActiveCfg = Release|x64
		{13F60CCD-D1E1-4D74-8938-5159CE8895B6}.Release|x64.Build.0 = Release|x64
		{13F60CCD-D1E1-4D74-8938-5159CE8895B6}.Release|x86.ActiveCfg = Release|Win32
		{13F60CCD-D1E1-4D74-8938-5159CE8895B6}.Release|x86.Build.0 = Release|Win32
		{C2DFEDAC-E155-4A12-B27A-8ABB2CB08BF2}.Debug|x64.ActiveCfg = Debug|x64
		{C2DFEDAC-E155-4A12-B27A-8ABB2CB08BF2}.Debug|x64.Build.0 = Debug|x64
		{C2DFEDAC-E155-4A12-B27A-8ABB2CB08BF2}.Debug|x86.ActiveCfg = Debug|Win32
		{C2DFEDAC-E155-4A12-B27A-8ABB2CB08BF2}.Debug|x86.Build.0 = Debug|Win32
		{C2DFEDAC-E155-4A12-B27A-8ABB2CB08BF2}.Release|x64.ActiveCfg = Release|x64
		{C2DFEDAC-E155-4A12-B27A-8ABB2CB08BF2}.Release|x64.Build.0 = Release|x64
		{C2DFEDAC-E155-4A12-B27A-8ABB2CB08BF2}.Release|x86.ActiveCfg = Release|Win32
		{C2DFEDAC-E155-4A12-B27A-8ABB2CB08BF2}.Release|x86.Build.0 = Release|Win32
		{29CBFB76-319A-4312-8EF8-3F48673B113E}.Debug|x64.ActiveCfg = Debug|x64
		{29CBFB76-319A-4312-8EF8-3F48673B113E}.Debug|x64.Build.0 = Debug|x64
		{29CBFB76-319A-4312-8EF8-3F48673B113E}.Debug|x86.ActiveCfg = Debug|Win32
		{29CBFB76-319A-4312-8EF8-3F48673B113E}.Debug|x86.Build.0 = Debug|Win32
		{29CBFB76-319A-4312-8EF8-3F48673B113E}.Release|x64.ActiveCfg = Release|x64
		{29CBFB76-319A-4312-8EF8-3F48673B113E}.Release|x64.Build.0 = Release|x64
		{29CBFB76-319A-4312-8EF8-3F48673B113E}.Release|x86.ActiveCfg = Release|Win32
		{29CBFB76-319A-4312-8EF8-3F48673B113E}.Release|x86.Build.0 = Release|Win32
		{F6DE0F67-B91F-4217-A07D-8F5FEA265DA3}.Debug|x64.ActiveCfg = Debug|x64
		{F6DE0F67-B91F-4217-A07D-8F5FEA265DA3}.Debug|x64.Build.0 = Debug|x64
		{F6DE0F67-B91F-4217-A07D-8F5FEA265DA3}.Debug|x86.ActiveCfg = Debug|Win32
		{F6DE0F67-B91F-4217-A07D-8F5FEA265DA3}.Debug|x86.Build.0 = Debug|Win32
		{F6DE0F67-B91F-4217-A07D-8F5FEA265DA3}.Release|x64.ActiveCfg = Release|x64
		{F6DE0F67-B91F-4217-A07D-8F5FEA265DA3}.Release|x64.Build.0 = Release|x64
		{F6DE0F67-B91F-4217-A07D-8F5FEA265DA3}.Release|x86.ActiveCfg = Release|Win32
		{F6DE0F67-B91F-4217-A07D-8F5FEA265DA3}.Release|x86.Build.0 = Release|Win32
		{5FA41F76-F10E-4137-B637-81FCA816CB99}.Debug|x64.ActiveCfg = Debug|x64
		{5FA41F76-F10E-4137-B637-81FCA816CB99}.Debug|x64.Build.0 = Debug|x64
		{5FA41F76-F10E-4137-B637-81FCA816CB99}.Debug|x86.ActiveCfg = Debug|Win32
		{5FA41F76-F10E-4137-B637-81FCA816CB99}.Debug|x86.Build.0 = Debug|Win32
		{5FA41F76-F10E-4137-B637-81FCA816CB99}.Release|x64.ActiveCfg = Release|x64
		{5FA41F76-F10E-4137-B637-81FCA816CB99}.Release|x64.Build.0 = Release|x64
		{5FA41F76-F10E-4137-B637-81FCA816CB99}.Release|x86.ActiveCfg = Release|Win32
		{5FA41F76-F10E-4137-B637-81FCA816CB99}.Release|x86.Build.0 = Release|Win32
		{6B4273C9-A825-4E52-A223-F9FFE44E075B}.Debug|x64.ActiveCfg = Debug|x64
		{6B4273C9-A825-4E52-A223-F9FFE44E075B}.Debug|x64.Build.0 = Debug|x64
		{6B4273C9-A825-4E52-A223-F9FFE44E075B}.Debug|x86.ActiveCfg = Debug|Win32
		{6B4273C9-A825-4E52-A223-F9FFE44E075B}.Debug|x86.Build.0 = Debug|Win32
		{6B4273C9-A825-4E52-A223-F9FFE44E075B}.Release|x64.ActiveCfg = Release|x64
		{6B4273C9-A825-4E52-A223-F9FFE44E075B}.Release|x64.Build.0 = Release|x64
		{6B4273C9-A825-4E52-A223-F9FFE44E075B}.Release|x86.ActiveCfg = Release|Win32
		{6B4273C9-A825-4E52-A223-F9FFE44E075B}.Release|x86.Build.0 = Release|Win32
		{4B742091-EF3C-496F-8DE3-48C6CE867ED9}.Debug|x64.ActiveCfg = Debug|x64
		{4B742091-EF3C-496F-8DE3-48C6CE867ED9}.Debug|x64.Build.0 = Debug|x64
		{4B742091-EF3C-496F-8DE3-48C6CE867ED9}.Debug|x86.ActiveCfg = Debug|Win32
		{4B742091-EF3C-496F-8DE3-48C6CE867ED9}.Debug|x86.Build.0 = Debug|Win32
		{4B742091-EF3C-496F-8DE3-48C6CE867ED9}.Release|x64.ActiveCfg = Release|x64
		{4B742091-EF3C-496F-8DE3-48C6CE867ED9}.Release|x64.Build.0 = Release|x64
		{4B742091-EF3C-496F-8DE3-48C6CE867ED9}.Release|x86.ActiveCfg = Release|Win32
		{4B742091-EF3C-496F-8DE3-48C6CE867ED9}.Release|x86.Build.0 = Release|Win32
		{79B643C9-1726-4748-A46C-805BC2A365F4}.Debug|x64.ActiveCfg = Debug|x64
		{79B643C9-1726-4748-A46C-805BC2A365F4}.Debug|x64.Build.0 = Debug|x64
		{79B643C9-1726-4748-A46C-805BC2A365F4}.Debug|x86.ActiveCfg = Debug|Win32
		{79B643C9-1726-4748-A46C-805BC2A365F4}.Debug|x86.Build.0 = Debug|Win32
		{79B643C9-1726-4748-A46C-805BC2A365F4}.Release|x64.ActiveCfg = Release|x64
		{79B643C9-1726-4748-A46C-805BC2A365F4}.Release|x64.Build.0 = Release|x64
		{79B643C9-1726-4748-A46C-805BC2A365F4}.Release|x86.ActiveCfg = Release|Win32
		{79B643C9-1726-4748-A46C-805BC2A365F4}.Release|x86.Build.0 = Release|Win32
	EndGlobalSection
	GlobalSection(SolutionProperties) = preSolution
		HideSolutionNode = FALSE
	EndGlobalSection
	GlobalSection(ExtensibilityGlobals) = postSolution
		SolutionGuid = {A48A874C-A7EA-4789-AA16-F6E678589B3B}
	EndGlobalSection
EndGlobal
